
Microsoft Visual Studio Solution File, Format Version 12.00
# Visual Studio Version 16
VisualStudioVersion = 16.0.30406.217
MinimumVisualStudioVersion = 10.0.40219.1
Project("{FAE04EC0-301F-11D3-BF4B-00C04F79EFBC}") = "EcommerceZulu.Common", "EcommerceZulu.Common\EcommerceZulu.Common.csproj", "{22019CFF-8C05-45EA-A339-19DFC692B7ED}"
EndProject
Project("{FAE04EC0-301F-11D3-BF4B-00C04F79EFBC}") = "EcommerceZulu.web", "EcommerceZulu.web\EcommerceZulu.web.csproj", "{47C30A71-1D41-40CC-8F04-38A27562FC5B}"
EndProject
Global
	GlobalSection(SolutionConfigurationPlatforms) = preSolution
		Debug|Any CPU = Debug|Any CPU
		Release|Any CPU = Release|Any CPU
	EndGlobalSection
	GlobalSection(ProjectConfigurationPlatforms) = postSolution
		{22019CFF-8C05-45EA-A339-19DFC692B7ED}.Debug|Any CPU.ActiveCfg = Debug|Any CPU
		{22019CFF-8C05-45EA-A339-19DFC692B7ED}.Debug|Any CPU.Build.0 = Debug|Any CPU
		{22019CFF-8C05-45EA-A339-19DFC692B7ED}.Release|Any CPU.ActiveCfg = Release|Any CPU
		{22019CFF-8C05-45EA-A339-19DFC692B7ED}.Release|Any CPU.Build.0 = Release|Any CPU
		{47C30A71-1D41-40CC-8F04-38A27562FC5B}.Debug|Any CPU.ActiveCfg = Debug|Any CPU
		{47C30A71-1D41-40CC-8F04-38A27562FC5B}.Debug|Any CPU.Build.0 = Debug|Any CPU
		{47C30A71-1D41-40CC-8F04-38A27562FC5B}.Release|Any CPU.ActiveCfg = Release|Any CPU
		{47C30A71-1D41-40CC-8F04-38A27562FC5B}.Release|Any CPU.Build.0 = Release|Any CPU
	EndGlobalSection
	GlobalSection(SolutionProperties) = preSolution
		HideSolutionNode = FALSE
	EndGlobalSection
	GlobalSection(ExtensibilityGlobals) = postSolution
		SolutionGuid = {7D8438CF-7446-47C9-B658-182202A42C31}
	EndGlobalSection
EndGlobal
